// !$*UTF8*$!
{
	archiveVersion = 1;
	classes = {
	};
	objectVersion = 56;
	objects = {

/* Begin PBXBuildFile section */
		02D2DB7D53AEABF344566792 /* PhotoDetailView.swift in Sources */ = {isa = PBXBuildFile; fileRef = F7A40CB361376D1A3B48AD2E /* PhotoDetailView.swift */; };
		052AC2EDD33E8042077FA16E /* PhotoGalleryView.swift in Sources */ = {isa = PBXBuildFile; fileRef = 1EFF3BE8DA3BF72210A80C8B /* PhotoGalleryView.swift */; };
		16F26C12F5687998036CE66B /* HeroImageView.swift in Sources */ = {isa = PBXBuildFile; fileRef = BAA38B4F848311E044C1489D /* HeroImageView.swift */; };
		186B3CD244E4BE6FF8292064 /* CameraView.swift in Sources */ = {isa = PBXBuildFile; fileRef = D8049614B201675E306A8E09 /* CameraView.swift */; };
		1A000001 /* RestaurantMapApp.swift in Sources */ = {isa = PBXBuildFile; fileRef = 1A000000 /* RestaurantMapApp.swift */; };
		1A000003 /* ContentView.swift in Sources */ = {isa = PBXBuildFile; fileRef = 1A000002 /* ContentView.swift */; };
		1A000005 /* Restaurant.swift in Sources */ = {isa = PBXBuildFile; fileRef = 1A000004 /* Restaurant.swift */; };
		1A000007 /* MapView.swift in Sources */ = {isa = PBXBuildFile; fileRef = 1A000006 /* MapView.swift */; };
		1A000009 /* RestaurantListView.swift in Sources */ = {isa = PBXBuildFile; fileRef = 1A000008 /* RestaurantListView.swift */; };
		1A00000B /* AddRestaurantView.swift in Sources */ = {isa = PBXBuildFile; fileRef = 1A00000A /* AddRestaurantView.swift */; };
		1A00000D /* RestaurantDetailView.swift in Sources */ = {isa = PBXBuildFile; fileRef = 1A00000C /* RestaurantDetailView.swift */; };
		1A00000F /* Assets.xcassets in Resources */ = {isa = PBXBuildFile; fileRef = 1A00000E /* Assets.xcassets */; };
		1A000011 /* Preview Assets.xcassets in Resources */ = {isa = PBXBuildFile; fileRef = 1A000010 /* Preview Assets.xcassets */; };
		1A00001B /* TasteProfile.swift in Sources */ = {isa = PBXBuildFile; fileRef = 1A00001A /* TasteProfile.swift */; };
		1A00001D /* TasteProfileView.swift in Sources */ = {isa = PBXBuildFile; fileRef = 1A00001C /* TasteProfileView.swift */; };
		1A00001F /* Visit.swift in Sources */ = {isa = PBXBuildFile; fileRef = 1A00001E /* Visit.swift */; };
		1A000021 /* AddVisitView.swift in Sources */ = {isa = PBXBuildFile; fileRef = 1A000020 /* AddVisitView.swift */; };
		1A000023 /* VisitDetailView.swift in Sources */ = {isa = PBXBuildFile; fileRef = 1A000022 /* VisitDetailView.swift */; };
		1A000025 /* FoodCategory.swift in Sources */ = {isa = PBXBuildFile; fileRef = 1A000024 /* FoodCategory.swift */; };
		1A000027 /* VisitReminderManager.swift in Sources */ = {isa = PBXBuildFile; fileRef = 1A000026 /* VisitReminderManager.swift */; };
		1A000029 /* CloudKitBackupService.swift in Sources */ = {isa = PBXBuildFile; fileRef = 1A00002A /* CloudKitBackupService.swift */; };
		1A00002B /* SettingsView.swift in Sources */ = {isa = PBXBuildFile; fileRef = 1A00002C /* SettingsView.swift */; };
		1A000031 /* Menu.swift in Sources */ = {isa = PBXBuildFile; fileRef = 1A000030 /* Menu.swift */; };
		1A000033 /* MenuListView.swift in Sources */ = {isa = PBXBuildFile; fileRef = 1A000032 /* MenuListView.swift */; };
		1A000035 /* AddMenuView.swift in Sources */ = {isa = PBXBuildFile; fileRef = 1A000034 /* AddMenuView.swift */; };
		1A000037 /* MenuDetailView.swift in Sources */ = {isa = PBXBuildFile; fileRef = 1A000036 /* MenuDetailView.swift */; };
		41384CCCA61A204486C1128F /* PhotoPickerView.swift in Sources */ = {isa = PBXBuildFile; fileRef = 697357049ED220481E397856 /* PhotoPickerView.swift */; };
		586184B82EE0838100320D6B /* GoogleService-Info.plist in Resources */ = {isa = PBXBuildFile; fileRef = 586184B72EE0838100320D6B /* GoogleService-Info.plist */; };
		586184CB2EE0848300320D6B /* FirebaseAI in Frameworks */ = {isa = PBXBuildFile; productRef = 586184CA2EE0848300320D6B /* FirebaseAI */; };
		586184CD2EE0848300320D6B /* FirebaseAILogic in Frameworks */ = {isa = PBXBuildFile; productRef = 586184CC2EE0848300320D6B /* FirebaseAILogic */; };
		586184CF2EE0848300320D6B /* FirebaseAnalytics in Frameworks */ = {isa = PBXBuildFile; productRef = 586184CE2EE0848300320D6B /* FirebaseAnalytics */; };
		586184D12EE0848300320D6B /* FirebaseAnalyticsCore in Frameworks */ = {isa = PBXBuildFile; productRef = 586184D02EE0848300320D6B /* FirebaseAnalyticsCore */; };
		586184D32EE0848300320D6B /* FirebaseAnalyticsIdentitySupport in Frameworks */ = {isa = PBXBuildFile; productRef = 586184D22EE0848300320D6B /* FirebaseAnalyticsIdentitySupport */; };
		586184D52EE0848300320D6B /* FirebaseAppCheck in Frameworks */ = {isa = PBXBuildFile; productRef = 586184D42EE0848300320D6B /* FirebaseAppCheck */; };
		586184D72EE0848300320D6B /* FirebaseAppDistribution-Beta in Frameworks */ = {isa = PBXBuildFile; productRef = 586184D62EE0848300320D6B /* FirebaseAppDistribution-Beta */; };
		586184D92EE0848300320D6B /* FirebaseAuth in Frameworks */ = {isa = PBXBuildFile; productRef = 586184D82EE0848300320D6B /* FirebaseAuth */; };
		586184DB2EE0848300320D6B /* FirebaseAuthCombine-Community in Frameworks */ = {isa = PBXBuildFile; productRef = 586184DA2EE0848300320D6B /* FirebaseAuthCombine-Community */; };
		586184DD2EE0848300320D6B /* FirebaseCore in Frameworks */ = {isa = PBXBuildFile; productRef = 586184DC2EE0848300320D6B /* FirebaseCore */; };
		586184DF2EE0848300320D6B /* FirebaseCrashlytics in Frameworks */ = {isa = PBXBuildFile; productRef = 586184DE2EE0848300320D6B /* FirebaseCrashlytics */; };
		586184E12EE0848300320D6B /* FirebaseDatabase in Frameworks */ = {isa = PBXBuildFile; productRef = 586184E02EE0848300320D6B /* FirebaseDatabase */; };
		586184E32EE0848300320D6B /* FirebaseFirestore in Frameworks */ = {isa = PBXBuildFile; productRef = 586184E22EE0848300320D6B /* FirebaseFirestore */; };
		586184E52EE0848300320D6B /* FirebaseFirestoreCombine-Community in Frameworks */ = {isa = PBXBuildFile; productRef = 586184E42EE0848300320D6B /* FirebaseFirestoreCombine-Community */; };
		586184E72EE0848300320D6B /* FirebaseFunctions in Frameworks */ = {isa = PBXBuildFile; productRef = 586184E62EE0848300320D6B /* FirebaseFunctions */; };
		586184E92EE0848300320D6B /* FirebaseFunctionsCombine-Community in Frameworks */ = {isa = PBXBuildFile; productRef = 586184E82EE0848300320D6B /* FirebaseFunctionsCombine-Community */; };
		586184EB2EE0848300320D6B /* FirebaseInAppMessaging-Beta in Frameworks */ = {isa = PBXBuildFile; productRef = 586184EA2EE0848300320D6B /* FirebaseInAppMessaging-Beta */; };
		586184ED2EE0848300320D6B /* FirebaseInstallations in Frameworks */ = {isa = PBXBuildFile; productRef = 586184EC2EE0848300320D6B /* FirebaseInstallations */; };
		586184EF2EE0848300320D6B /* FirebaseMLModelDownloader in Frameworks */ = {isa = PBXBuildFile; productRef = 586184EE2EE0848300320D6B /* FirebaseMLModelDownloader */; };
		586184F12EE0848300320D6B /* FirebaseMessaging in Frameworks */ = {isa = PBXBuildFile; productRef = 586184F02EE0848300320D6B /* FirebaseMessaging */; };
		586184F32EE0848300320D6B /* FirebasePerformance in Frameworks */ = {isa = PBXBuildFile; productRef = 586184F22EE0848300320D6B /* FirebasePerformance */; };
		586184F52EE0848300320D6B /* FirebaseRemoteConfig in Frameworks */ = {isa = PBXBuildFile; productRef = 586184F42EE0848300320D6B /* FirebaseRemoteConfig */; };
		586184F72EE0848300320D6B /* FirebaseStorage in Frameworks */ = {isa = PBXBuildFile; productRef = 586184F62EE0848300320D6B /* FirebaseStorage */; };
		586184F92EE0848300320D6B /* FirebaseStorageCombine-Community in Frameworks */ = {isa = PBXBuildFile; productRef = 586184F82EE0848300320D6B /* FirebaseStorageCombine-Community */; };
		58A77B9A2EEC79B90068B8C2 /* FirebaseAI in Frameworks */ = {isa = PBXBuildFile; productRef = 58A77B992EEC79B90068B8C2 /* FirebaseAI */; };
		58A77B9C2EEC79B90068B8C2 /* FirebaseAILogic in Frameworks */ = {isa = PBXBuildFile; productRef = 58A77B9B2EEC79B90068B8C2 /* FirebaseAILogic */; };
		58A77B9E2EEC79B90068B8C2 /* FirebaseAnalytics in Frameworks */ = {isa = PBXBuildFile; productRef = 58A77B9D2EEC79B90068B8C2 /* FirebaseAnalytics */; };
		58A77BA02EEC79B90068B8C2 /* FirebaseAnalyticsCore in Frameworks */ = {isa = PBXBuildFile; productRef = 58A77B9F2EEC79B90068B8C2 /* FirebaseAnalyticsCore */; };
		58A77BA22EEC79B90068B8C2 /* FirebaseAnalyticsIdentitySupport in Frameworks */ = {isa = PBXBuildFile; productRef = 58A77BA12EEC79B90068B8C2 /* FirebaseAnalyticsIdentitySupport */; };
		58A77BA42EEC79B90068B8C2 /* FirebaseAppCheck in Frameworks */ = {isa = PBXBuildFile; productRef = 58A77BA32EEC79B90068B8C2 /* FirebaseAppCheck */; };
		58A77BA62EEC79B90068B8C2 /* FirebaseAppDistribution-Beta in Frameworks */ = {isa = PBXBuildFile; productRef = 58A77BA52EEC79B90068B8C2 /* FirebaseAppDistribution-Beta */; };
		58A77BA82EEC79B90068B8C2 /* FirebaseAuth in Frameworks */ = {isa = PBXBuildFile; productRef = 58A77BA72EEC79B90068B8C2 /* FirebaseAuth */; };
		58A77BAA2EEC79B90068B8C2 /* FirebaseAuthCombine-Community in Frameworks */ = {isa = PBXBuildFile; productRef = 58A77BA92EEC79B90068B8C2 /* FirebaseAuthCombine-Community */; };
		58A77BAC2EEC79B90068B8C2 /* FirebaseCore in Frameworks */ = {isa = PBXBuildFile; productRef = 58A77BAB2EEC79B90068B8C2 /* FirebaseCore */; };
		58A77BAE2EEC79B90068B8C2 /* FirebaseCrashlytics in Frameworks */ = {isa = PBXBuildFile; productRef = 58A77BAD2EEC79B90068B8C2 /* FirebaseCrashlytics */; };
		58A77BB02EEC79B90068B8C2 /* FirebaseDatabase in Frameworks */ = {isa = PBXBuildFile; productRef = 58A77BAF2EEC79B90068B8C2 /* FirebaseDatabase */; };
		58A77BB22EEC79B90068B8C2 /* FirebaseFirestore in Frameworks */ = {isa = PBXBuildFile; productRef = 58A77BB12EEC79B90068B8C2 /* FirebaseFirestore */; };
		58A77BB42EEC79B90068B8C2 /* FirebaseFirestoreCombine-Community in Frameworks */ = {isa = PBXBuildFile; productRef = 58A77BB32EEC79B90068B8C2 /* FirebaseFirestoreCombine-Community */; };
		58A77BB62EEC79B90068B8C2 /* FirebaseFunctions in Frameworks */ = {isa = PBXBuildFile; productRef = 58A77BB52EEC79B90068B8C2 /* FirebaseFunctions */; };
		58A77BB82EEC79B90068B8C2 /* FirebaseFunctionsCombine-Community in Frameworks */ = {isa = PBXBuildFile; productRef = 58A77BB72EEC79B90068B8C2 /* FirebaseFunctionsCombine-Community */; };
		58A77BBA2EEC79B90068B8C2 /* FirebaseInAppMessaging-Beta in Frameworks */ = {isa = PBXBuildFile; productRef = 58A77BB92EEC79B90068B8C2 /* FirebaseInAppMessaging-Beta */; };
		58A77BBC2EEC79B90068B8C2 /* FirebaseInstallations in Frameworks */ = {isa = PBXBuildFile; productRef = 58A77BBB2EEC79B90068B8C2 /* FirebaseInstallations */; };
		58A77BBE2EEC79B90068B8C2 /* FirebaseMLModelDownloader in Frameworks */ = {isa = PBXBuildFile; productRef = 58A77BBD2EEC79B90068B8C2 /* FirebaseMLModelDownloader */; };
		58A77BC02EEC79B90068B8C2 /* FirebaseMessaging in Frameworks */ = {isa = PBXBuildFile; productRef = 58A77BBF2EEC79B90068B8C2 /* FirebaseMessaging */; };
		58A77BC22EEC79B90068B8C2 /* FirebasePerformance in Frameworks */ = {isa = PBXBuildFile; productRef = 58A77BC12EEC79B90068B8C2 /* FirebasePerformance */; };
		58A77BC42EEC79B90068B8C2 /* FirebaseRemoteConfig in Frameworks */ = {isa = PBXBuildFile; productRef = 58A77BC32EEC79B90068B8C2 /* FirebaseRemoteConfig */; };
		58A77BC62EEC79B90068B8C2 /* FirebaseStorage in Frameworks */ = {isa = PBXBuildFile; productRef = 58A77BC52EEC79B90068B8C2 /* FirebaseStorage */; };
		58A77BC82EEC79B90068B8C2 /* FirebaseStorageCombine-Community in Frameworks */ = {isa = PBXBuildFile; productRef = 58A77BC72EEC79B90068B8C2 /* FirebaseStorageCombine-Community */; };
		5E000B9D5DE2612D8295E49E /* PhotoStorageManager.swift in Sources */ = {isa = PBXBuildFile; fileRef = 17E8C84619F1DE96AB117EB1 /* PhotoStorageManager.swift */; };
		60D48A4C54ED925C4780FF67 /* CustomCategorySettingsView.swift in Sources */ = {isa = PBXBuildFile; fileRef = 2AD27675423ADDCC051FA3D1 /* CustomCategorySettingsView.swift */; };
		680EB723127B1C8190CB6588 /* RestaurantMapSpec.swift in Sources */ = {isa = PBXBuildFile; fileRef = 54692912D3196B73FF3330D8 /* RestaurantMapSpec.swift */; };
		B60294BB536A0E5F624240AC /* AddCustomCategoryView.swift in Sources */ = {isa = PBXBuildFile; fileRef = 130C9D405E83F0E949E172F4 /* AddCustomCategoryView.swift */; };
		EF58C461041A18D03924B4D3 /* LeeoKit in Frameworks */ = {isa = PBXBuildFile; productRef = EA31E41C51A96BFB1501A4EF /* LeeoKit */; };
/* End PBXBuildFile section */

/* Begin PBXFileReference section */
		130C9D405E83F0E949E172F4 /* AddCustomCategoryView.swift */ = {isa = PBXFileReference; lastKnownFileType = sourcecode.swift; path = RestaurantMap/Views/AddCustomCategoryView.swift; sourceTree = "<group>"; };
		17E8C84619F1DE96AB117EB1 /* PhotoStorageManager.swift */ = {isa = PBXFileReference; lastKnownFileType = sourcecode.swift; path = PhotoStorageManager.swift; sourceTree = "<group>"; };
		1A000000 /* RestaurantMapApp.swift */ = {isa = PBXFileReference; lastKnownFileType = sourcecode.swift; path = RestaurantMapApp.swift; sourceTree = "<group>"; };
		1A000002 /* ContentView.swift */ = {isa = PBXFileReference; lastKnownFileType = sourcecode.swift; path = ContentView.swift; sourceTree = "<group>"; };
		1A000004 /* Restaurant.swift */ = {isa = PBXFileReference; lastKnownFileType = sourcecode.swift; path = Restaurant.swift; sourceTree = "<group>"; };
		1A000006 /* MapView.swift */ = {isa = PBXFileReference; lastKnownFileType = sourcecode.swift; path = MapView.swift; sourceTree = "<group>"; };
		1A000008 /* RestaurantListView.swift */ = {isa = PBXFileReference; lastKnownFileType = sourcecode.swift; path = RestaurantListView.swift; sourceTree = "<group>"; };
		1A00000A /* AddRestaurantView.swift */ = {isa = PBXFileReference; lastKnownFileType = sourcecode.swift; path = AddRestaurantView.swift; sourceTree = "<group>"; };
		1A00000C /* RestaurantDetailView.swift */ = {isa = PBXFileReference; lastKnownFileType = sourcecode.swift; path = RestaurantDetailView.swift; sourceTree = "<group>"; };
		1A00000E /* Assets.xcassets */ = {isa = PBXFileReference; lastKnownFileType = folder.assetcatalog; path = Assets.xcassets; sourceTree = "<group>"; };
		1A000010 /* Preview Assets.xcassets */ = {isa = PBXFileReference; lastKnownFileType = folder.assetcatalog; path = "Preview Assets.xcassets"; sourceTree = "<group>"; };
		1A00001A /* TasteProfile.swift */ = {isa = PBXFileReference; lastKnownFileType = sourcecode.swift; path = TasteProfile.swift; sourceTree = "<group>"; };
		1A00001C /* TasteProfileView.swift */ = {isa = PBXFileReference; lastKnownFileType = sourcecode.swift; path = TasteProfileView.swift; sourceTree = "<group>"; };
		1A00001E /* Visit.swift */ = {isa = PBXFileReference; lastKnownFileType = sourcecode.swift; path = Visit.swift; sourceTree = "<group>"; };
		1A000020 /* AddVisitView.swift */ = {isa = PBXFileReference; lastKnownFileType = sourcecode.swift; path = AddVisitView.swift; sourceTree = "<group>"; };
		1A000022 /* VisitDetailView.swift */ = {isa = PBXFileReference; lastKnownFileType = sourcecode.swift; path = VisitDetailView.swift; sourceTree = "<group>"; };
		1A000024 /* FoodCategory.swift */ = {isa = PBXFileReference; lastKnownFileType = sourcecode.swift; path = FoodCategory.swift; sourceTree = "<group>"; };
		1A000026 /* VisitReminderManager.swift */ = {isa = PBXFileReference; lastKnownFileType = sourcecode.swift; path = VisitReminderManager.swift; sourceTree = "<group>"; };
		1A00002A /* CloudKitBackupService.swift */ = {isa = PBXFileReference; lastKnownFileType = sourcecode.swift; path = CloudKitBackupService.swift; sourceTree = "<group>"; };
		1A00002C /* SettingsView.swift */ = {isa = PBXFileReference; lastKnownFileType = sourcecode.swift; path = SettingsView.swift; sourceTree = "<group>"; };
		1A000030 /* Menu.swift */ = {isa = PBXFileReference; lastKnownFileType = sourcecode.swift; path = Menu.swift; sourceTree = "<group>"; };
		1A000032 /* MenuListView.swift */ = {isa = PBXFileReference; lastKnownFileType = sourcecode.swift; path = MenuListView.swift; sourceTree = "<group>"; };
		1A000034 /* AddMenuView.swift */ = {isa = PBXFileReference; lastKnownFileType = sourcecode.swift; path = AddMenuView.swift; sourceTree = "<group>"; };
		1A000036 /* MenuDetailView.swift */ = {isa = PBXFileReference; lastKnownFileType = sourcecode.swift; path = MenuDetailView.swift; sourceTree = "<group>"; };
		1AFFFFFD /* RestaurantMap.app */ = {isa = PBXFileReference; explicitFileType = wrapper.application; includeInIndex = 0; path = RestaurantMap.app; sourceTree = BUILT_PRODUCTS_DIR; };
		1EFF3BE8DA3BF72210A80C8B /* PhotoGalleryView.swift */ = {isa = PBXFileReference; lastKnownFileType = sourcecode.swift; path = RestaurantMap/Views/Components/PhotoGalleryView.swift; sourceTree = "<group>"; };
		2AD27675423ADDCC051FA3D1 /* CustomCategorySettingsView.swift */ = {isa = PBXFileReference; lastKnownFileType = sourcecode.swift; path = RestaurantMap/Views/CustomCategorySettingsView.swift; sourceTree = "<group>"; };
		54692912D3196B73FF3330D8 /* RestaurantMapSpec.swift */ = {isa = PBXFileReference; includeInIndex = 1; lastKnownFileType = sourcecode.swift; path = RestaurantMapSpec.swift; sourceTree = "<group>"; };
		586184B72EE0838100320D6B /* GoogleService-Info.plist */ = {isa = PBXFileReference; lastKnownFileType = text.plist.xml; path = "GoogleService-Info.plist"; sourceTree = "<group>"; };
		5861852A2EE08D8F00320D6B /* Info.plist */ = {isa = PBXFileReference; lastKnownFileType = text.plist.xml; path = Info.plist; sourceTree = "<group>"; };
		697357049ED220481E397856 /* PhotoPickerView.swift */ = {isa = PBXFileReference; lastKnownFileType = sourcecode.swift; path = RestaurantMap/Views/Components/PhotoPickerView.swift; sourceTree = "<group>"; };
		9C994B0B2EEBF60500FBC8F6 /* RestaurantMap.entitlements */ = {isa = PBXFileReference; lastKnownFileType = text.plist.entitlements; path = RestaurantMap.entitlements; sourceTree = "<group>"; };
		BAA38B4F848311E044C1489D /* HeroImageView.swift */ = {isa = PBXFileReference; lastKnownFileType = sourcecode.swift; path = RestaurantMap/Views/Components/HeroImageView.swift; sourceTree = "<group>"; };
		D8049614B201675E306A8E09 /* CameraView.swift */ = {isa = PBXFileReference; lastKnownFileType = sourcecode.swift; path = RestaurantMap/Views/Components/CameraView.swift; sourceTree = "<group>"; };
		F7A40CB361376D1A3B48AD2E /* PhotoDetailView.swift */ = {isa = PBXFileReference; lastKnownFileType = sourcecode.swift; path = RestaurantMap/Views/Components/PhotoDetailView.swift; sourceTree = "<group>"; };
/* End PBXFileReference section */

/* Begin PBXFrameworksBuildPhase section */
		1AFFFFFA /* Frameworks */ = {
			isa = PBXFrameworksBuildPhase;
			buildActionMask = 2147483647;
			files = (
				58A77B9A2EEC79B90068B8C2 /* FirebaseAI in Frameworks */,
				586184D72EE0848300320D6B /* FirebaseAppDistribution-Beta in Frameworks */,
				58A77BC22EEC79B90068B8C2 /* FirebasePerformance in Frameworks */,
				58A77BAC2EEC79B90068B8C2 /* FirebaseCore in Frameworks */,
				586184E32EE0848300320D6B /* FirebaseFirestore in Frameworks */,
				58A77BA62EEC79B90068B8C2 /* FirebaseAppDistribution-Beta in Frameworks */,
				58A77BBA2EEC79B90068B8C2 /* FirebaseInAppMessaging-Beta in Frameworks */,
				586184DB2EE0848300320D6B /* FirebaseAuthCombine-Community in Frameworks */,
				58A77BB02EEC79B90068B8C2 /* FirebaseDatabase in Frameworks */,
				586184ED2EE0848300320D6B /* FirebaseInstallations in Frameworks */,
				58A77BC82EEC79B90068B8C2 /* FirebaseStorageCombine-Community in Frameworks */,
				586184CD2EE0848300320D6B /* FirebaseAILogic in Frameworks */,
				58A77BB62EEC79B90068B8C2 /* FirebaseFunctions in Frameworks */,
				586184D32EE0848300320D6B /* FirebaseAnalyticsIdentitySupport in Frameworks */,
				58A77BB22EEC79B90068B8C2 /* FirebaseFirestore in Frameworks */,
				586184EB2EE0848300320D6B /* FirebaseInAppMessaging-Beta in Frameworks */,
				58A77B9C2EEC79B90068B8C2 /* FirebaseAILogic in Frameworks */,
				58A77BBC2EEC79B90068B8C2 /* FirebaseInstallations in Frameworks */,
				58A77BA22EEC79B90068B8C2 /* FirebaseAnalyticsIdentitySupport in Frameworks */,
				586184CB2EE0848300320D6B /* FirebaseAI in Frameworks */,
				586184DF2EE0848300320D6B /* FirebaseCrashlytics in Frameworks */,
				586184E92EE0848300320D6B /* FirebaseFunctionsCombine-Community in Frameworks */,
				58A77BC02EEC79B90068B8C2 /* FirebaseMessaging in Frameworks */,
				586184F92EE0848300320D6B /* FirebaseStorageCombine-Community in Frameworks */,
				586184E12EE0848300320D6B /* FirebaseDatabase in Frameworks */,
				58A77BB42EEC79B90068B8C2 /* FirebaseFirestoreCombine-Community in Frameworks */,
				58A77BC62EEC79B90068B8C2 /* FirebaseStorage in Frameworks */,
				58A77BAE2EEC79B90068B8C2 /* FirebaseCrashlytics in Frameworks */,
				586184F72EE0848300320D6B /* FirebaseStorage in Frameworks */,
				58A77BB82EEC79B90068B8C2 /* FirebaseFunctionsCombine-Community in Frameworks */,
				586184F52EE0848300320D6B /* FirebaseRemoteConfig in Frameworks */,
				586184CF2EE0848300320D6B /* FirebaseAnalytics in Frameworks */,
				58A77B9E2EEC79B90068B8C2 /* FirebaseAnalytics in Frameworks */,
				586184F12EE0848300320D6B /* FirebaseMessaging in Frameworks */,
				58A77BA02EEC79B90068B8C2 /* FirebaseAnalyticsCore in Frameworks */,
				586184EF2EE0848300320D6B /* FirebaseMLModelDownloader in Frameworks */,
				586184F32EE0848300320D6B /* FirebasePerformance in Frameworks */,
				586184DD2EE0848300320D6B /* FirebaseCore in Frameworks */,
				586184D52EE0848300320D6B /* FirebaseAppCheck in Frameworks */,
				586184D12EE0848300320D6B /* FirebaseAnalyticsCore in Frameworks */,
				586184E72EE0848300320D6B /* FirebaseFunctions in Frameworks */,
				58A77BAA2EEC79B90068B8C2 /* FirebaseAuthCombine-Community in Frameworks */,
				586184D92EE0848300320D6B /* FirebaseAuth in Frameworks */,
				58A77BC42EEC79B90068B8C2 /* FirebaseRemoteConfig in Frameworks */,
				58A77BA42EEC79B90068B8C2 /* FirebaseAppCheck in Frameworks */,
				58A77BBE2EEC79B90068B8C2 /* FirebaseMLModelDownloader in Frameworks */,
				586184E52EE0848300320D6B /* FirebaseFirestoreCombine-Community in Frameworks */,
				58A77BA82EEC79B90068B8C2 /* FirebaseAuth in Frameworks */,
				EF58C461041A18D03924B4D3 /* LeeoKit in Frameworks */,
			);
			runOnlyForDeploymentPostprocessing = 0;
		};
/* End PBXFrameworksBuildPhase section */

/* Begin PBXGroup section */
		1A000028 /* Services */ = {
			isa = PBXGroup;
			children = (
				17E8C84619F1DE96AB117EB1 /* PhotoStorageManager.swift */,
				1A000026 /* VisitReminderManager.swift */,
				1A00002A /* CloudKitBackupService.swift */,
			);
			path = Services;
			sourceTree = "<group>";
		};
		1AFFFFF4 = {
			isa = PBXGroup;
			children = (
				1AFFFFF5 /* RestaurantMap */,
				1AFFFFFE /* Products */,
			);
			sourceTree = "<group>";
		};
		1AFFFFF5 /* RestaurantMap */ = {
			isa = PBXGroup;
			children = (
				9C994B0B2EEBF60500FBC8F6 /* RestaurantMap.entitlements */,
				5861852A2EE08D8F00320D6B /* Info.plist */,
				586184B72EE0838100320D6B /* GoogleService-Info.plist */,
				1A000000 /* RestaurantMapApp.swift */,
				1A000002 /* ContentView.swift */,
				1AFFFFF6 /* Models */,
				1AFFFFF7 /* Views */,
				1A000028 /* Services */,
				1A00000E /* Assets.xcassets */,
				1AFFFFF8 /* Preview Content */,
				54692912D3196B73FF3330D8 /* RestaurantMapSpec.swift */,
			);
			path = RestaurantMap;
			sourceTree = "<group>";
		};
		1AFFFFF6 /* Models */ = {
			isa = PBXGroup;
			children = (
				1A000004 /* Restaurant.swift */,
				1A00001A /* TasteProfile.swift */,
				1A00001E /* Visit.swift */,
				1A000024 /* FoodCategory.swift */,
				1A000030 /* Menu.swift */,
			);
			path = Models;
			sourceTree = "<group>";
		};
		1AFFFFF7 /* Views */ = {
			isa = PBXGroup;
			children = (
				1A000006 /* MapView.swift */,
				1A000008 /* RestaurantListView.swift */,
				1A00000A /* AddRestaurantView.swift */,
				1A00000C /* RestaurantDetailView.swift */,
				1A00001C /* TasteProfileView.swift */,
				1A000020 /* AddVisitView.swift */,
				1A000022 /* VisitDetailView.swift */,
				1A00002C /* SettingsView.swift */,
				1A000032 /* MenuListView.swift */,
				1A000034 /* AddMenuView.swift */,
				1A000036 /* MenuDetailView.swift */,
			);
			path = Views;
			sourceTree = "<group>";
		};
		1AFFFFF8 /* Preview Content */ = {
			isa = PBXGroup;
			children = (
				1A000010 /* Preview Assets.xcassets */,
			);
			path = "Preview Content";
			sourceTree = "<group>";
		};
		1AFFFFFE /* Products */ = {
			isa = PBXGroup;
			children = (
				1AFFFFFD /* RestaurantMap.app */,
			);
			name = Products;
			sourceTree = "<group>";
		};
/* End PBXGroup section */

/* Begin PBXNativeTarget section */
		1AFFFFFC /* RestaurantMap */ = {
			isa = PBXNativeTarget;
			buildConfigurationList = 1A000012 /* Build configuration list for PBXNativeTarget "RestaurantMap" */;
			buildPhases = (
				1AFFFFF9 /* Sources */,
				1AFFFFFA /* Frameworks */,
				1AFFFFFB /* Resources */,
			);
			buildRules = (
			);
			dependencies = (
			);
			name = RestaurantMap;
			packageProductDependencies = (
				EA31E41C51A96BFB1501A4EF /* LeeoKit */,
			);
			productName = RestaurantMap;
			productReference = 1AFFFFFD /* RestaurantMap.app */;
			productType = "com.apple.product-type.application";
		};
/* End PBXNativeTarget section */

/* Begin PBXProject section */
		1AFFFFF3 /* Project object */ = {
			isa = PBXProject;
			attributes = {
				BuildIndependentTargetsInParallel = 1;
				LastSwiftUpdateCheck = 1540;
				LastUpgradeCheck = 1540;
				TargetAttributes = {
					1AFFFFFC = {
						CreatedOnToolsVersion = 15.4;
					};
				};
			};
			buildConfigurationList = 1AFFFFF2 /* Build configuration list for PBXProject "RestaurantMap" */;
			compatibilityVersion = "Xcode 14.0";
			developmentRegion = en;
			hasScannedForEncodings = 0;
			knownRegions = (
				en,
				Base,
			);
			mainGroup = 1AFFFFF4;
			packageReferences = (
				58A77B982EEC79B90068B8C2 /* XCRemoteSwiftPackageReference "firebase-ios-sdk" */,
				992D33F8EEB55DCE4CB5E313 /* XCRemoteSwiftPackageReference "LeeoKit" */,
			);
			productRefGroup = 1AFFFFFE /* Products */;
			projectDirPath = "";
			projectRoot = "";
			targets = (
				1AFFFFFC /* RestaurantMap */,
			);
		};
/* End PBXProject section */

/* Begin PBXResourcesBuildPhase section */
		1AFFFFFB /* Resources */ = {
			isa = PBXResourcesBuildPhase;
			buildActionMask = 2147483647;
			files = (
				1A000011 /* Preview Assets.xcassets in Resources */,
				1A00000F /* Assets.xcassets in Resources */,
				586184B82EE0838100320D6B /* GoogleService-Info.plist in Resources */,
			);
			runOnlyForDeploymentPostprocessing = 0;
		};
/* End PBXResourcesBuildPhase section */

/* Begin PBXSourcesBuildPhase section */
		1AFFFFF9 /* Sources */ = {
			isa = PBXSourcesBuildPhase;
			buildActionMask = 2147483647;
			files = (
				1A000003 /* ContentView.swift in Sources */,
				1A000005 /* Restaurant.swift in Sources */,
				1A000007 /* MapView.swift in Sources */,
				1A000009 /* RestaurantListView.swift in Sources */,
				1A00000B /* AddRestaurantView.swift in Sources */,
				1A00000D /* RestaurantDetailView.swift in Sources */,
				1A00001B /* TasteProfile.swift in Sources */,
				1A00001D /* TasteProfileView.swift in Sources */,
				1A00001F /* Visit.swift in Sources */,
				1A000021 /* AddVisitView.swift in Sources */,
				1A000023 /* VisitDetailView.swift in Sources */,
				1A000025 /* FoodCategory.swift in Sources */,
				1A000027 /* VisitReminderManager.swift in Sources */,
				1A000029 /* CloudKitBackupService.swift in Sources */,
				1A00002B /* SettingsView.swift in Sources */,
				1A000031 /* Menu.swift in Sources */,
				1A000033 /* MenuListView.swift in Sources */,
				1A000035 /* AddMenuView.swift in Sources */,
				1A000037 /* MenuDetailView.swift in Sources */,
				1A000001 /* RestaurantMapApp.swift in Sources */,
				5E000B9D5DE2612D8295E49E /* PhotoStorageManager.swift in Sources */,
				16F26C12F5687998036CE66B /* HeroImageView.swift in Sources */,
				02D2DB7D53AEABF344566792 /* PhotoDetailView.swift in Sources */,
				052AC2EDD33E8042077FA16E /* PhotoGalleryView.swift in Sources */,
				41384CCCA61A204486C1128F /* PhotoPickerView.swift in Sources */,
				186B3CD244E4BE6FF8292064 /* CameraView.swift in Sources */,
				60D48A4C54ED925C4780FF67 /* CustomCategorySettingsView.swift in Sources */,
				B60294BB536A0E5F624240AC /* AddCustomCategoryView.swift in Sources */,
				680EB723127B1C8190CB6588 /* RestaurantMapSpec.swift in Sources */,
			);
			runOnlyForDeploymentPostprocessing = 0;
		};
/* End PBXSourcesBuildPhase section */

/* Begin XCBuildConfiguration section */
		1A000013 /* Debug */ = {
			isa = XCBuildConfiguration;
			buildSettings = {
				ALWAYS_SEARCH_USER_PATHS = NO;
				ASSETCATALOG_COMPILER_GENERATE_SWIFT_ASSET_SYMBOL_EXTENSIONS = YES;
				CLANG_ANALYZER_NONNULL = YES;
				CLANG_ANALYZER_NUMBER_OBJECT_CONVERSION = YES_AGGRESSIVE;
				CLANG_CXX_LANGUAGE_STANDARD = "gnu++20";
				CLANG_ENABLE_MODULES = YES;
				CLANG_ENABLE_OBJC_ARC = YES;
				CLANG_ENABLE_OBJC_WEAK = YES;
				CLANG_WARN_BLOCK_CAPTURE_AUTORELEASING = YES;
				CLANG_WARN_BOOL_CONVERSION = YES;
				CLANG_WARN_COMMA = YES;
				CLANG_WARN_CONSTANT_CONVERSION = YES;
				CLANG_WARN_DEPRECATED_OBJC_IMPLEMENTATIONS = YES;
				CLANG_WARN_DIRECT_OBJC_ISA_USAGE = YES_ERROR;
				CLANG_WARN_DOCUMENTATION_COMMENTS = YES;
				CLANG_WARN_EMPTY_BODY = YES;
				CLANG_WARN_ENUM_CONVERSION = YES;
				CLANG_WARN_INFINITE_RECURSION = YES;
				CLANG_WARN_INT_CONVERSION = YES;
				CLANG_WARN_NON_LITERAL_NULL_CONVERSION = YES;
				CLANG_WARN_OBJC_IMPLICIT_RETAIN_SELF = YES;
				CLANG_WARN_OBJC_LITERAL_CONVERSION = YES;
				CLANG_WARN_OBJC_ROOT_CLASS = YES_ERROR;
				CLANG_WARN_QUOTED_INCLUDE_IN_FRAMEWORK_HEADER = YES;
				CLANG_WARN_RANGE_LOOP_ANALYSIS = YES;
				CLANG_WARN_STRICT_PROTOTYPES = YES;
				CLANG_WARN_SUSPICIOUS_MOVE = YES;
				CLANG_WARN_UNGUARDED_AVAILABILITY = YES_AGGRESSIVE;
				CLANG_WARN_UNREACHABLE_CODE = YES;
				CLANG_WARN__DUPLICATE_METHOD_MATCH = YES;
				COPY_PHASE_STRIP = NO;
				DEBUG_INFORMATION_FORMAT = dwarf;
				ENABLE_STRICT_OBJC_MSGSEND = YES;
				ENABLE_TESTABILITY = YES;
				ENABLE_USER_SCRIPT_SANDBOXING = YES;
				GCC_C_LANGUAGE_STANDARD = gnu17;
				GCC_DYNAMIC_NO_PIC = NO;
				GCC_NO_COMMON_BLOCKS = YES;
				GCC_OPTIMIZATION_LEVEL = 0;
				GCC_PREPROCESSOR_DEFINITIONS = (
					"DEBUG=1",
					"$(inherited)",
				);
				GCC_WARN_64_TO_32_BIT_CONVERSION = YES;
				GCC_WARN_ABOUT_RETURN_TYPE = YES_ERROR;
				GCC_WARN_UNDECLARED_SELECTOR = YES;
				GCC_WARN_UNINITIALIZED_AUTOS = YES_AGGRESSIVE;
				GCC_WARN_UNUSED_FUNCTION = YES;
				GCC_WARN_UNUSED_VARIABLE = YES;
				IPHONEOS_DEPLOYMENT_TARGET = 17.0;
				LOCALIZATION_PREFERS_STRING_CATALOGS = YES;
				MTL_ENABLE_DEBUG_INFO = INCLUDE_SOURCE;
				MTL_FAST_MATH = YES;
				ONLY_ACTIVE_ARCH = YES;
				SDKROOT = iphoneos;
				SWIFT_ACTIVE_COMPILATION_CONDITIONS = "DEBUG $(inherited)";
				SWIFT_OPTIMIZATION_LEVEL = "-Onone";
			};
			name = Debug;
		};
		1A000014 /* Release */ = {
			isa = XCBuildConfiguration;
			buildSettings = {
				ALWAYS_SEARCH_USER_PATHS = NO;
				ASSETCATALOG_COMPILER_GENERATE_SWIFT_ASSET_SYMBOL_EXTENSIONS = YES;
				CLANG_ANALYZER_NONNULL = YES;
				CLANG_ANALYZER_NUMBER_OBJECT_CONVERSION = YES_AGGRESSIVE;
				CLANG_CXX_LANGUAGE_STANDARD = "gnu++20";
				CLANG_ENABLE_MODULES = YES;
				CLANG_ENABLE_OBJC_ARC = YES;
				CLANG_ENABLE_OBJC_WEAK = YES;
				CLANG_WARN_BLOCK_CAPTURE_AUTORELEASING = YES;
				CLANG_WARN_BOOL_CONVERSION = YES;
				CLANG_WARN_COMMA = YES;
				CLANG_WARN_CONSTANT_CONVERSION = YES;
				CLANG_WARN_DEPRECATED_OBJC_IMPLEMENTATIONS = YES;
				CLANG_WARN_DIRECT_OBJC_ISA_USAGE = YES_ERROR;
				CLANG_WARN_DOCUMENTATION_COMMENTS = YES;
				CLANG_WARN_EMPTY_BODY = YES;
				CLANG_WARN_ENUM_CONVERSION = YES;
				CLANG_WARN_INFINITE_RECURSION = YES;
				CLANG_WARN_INT_CONVERSION = YES;
				CLANG_WARN_NON_LITERAL_NULL_CONVERSION = YES;
				CLANG_WARN_OBJC_IMPLICIT_RETAIN_SELF = YES;
				CLANG_WARN_OBJC_LITERAL_CONVERSION = YES;
				CLANG_WARN_OBJC_ROOT_CLASS = YES_ERROR;
				CLANG_WARN_QUOTED_INCLUDE_IN_FRAMEWORK_HEADER = YES;
				CLANG_WARN_RANGE_LOOP_ANALYSIS = YES;
				CLANG_WARN_STRICT_PROTOTYPES = YES;
				CLANG_WARN_SUSPICIOUS_MOVE = YES;
				CLANG_WARN_UNGUARDED_AVAILABILITY = YES_AGGRESSIVE;
				CLANG_WARN_UNREACHABLE_CODE = YES;
				CLANG_WARN__DUPLICATE_METHOD_MATCH = YES;
				COPY_PHASE_STRIP = NO;
				DEBUG_INFORMATION_FORMAT = "dwarf-with-dsym";
				ENABLE_NS_ASSERTIONS = NO;
				ENABLE_STRICT_OBJC_MSGSEND = YES;
				ENABLE_USER_SCRIPT_SANDBOXING = YES;
				GCC_C_LANGUAGE_STANDARD = gnu17;
				GCC_NO_COMMON_BLOCKS = YES;
				GCC_WARN_64_TO_32_BIT_CONVERSION = YES;
				GCC_WARN_ABOUT_RETURN_TYPE = YES_ERROR;
				GCC_WARN_UNDECLARED_SELECTOR = YES;
				GCC_WARN_UNINITIALIZED_AUTOS = YES_AGGRESSIVE;
				GCC_WARN_UNUSED_FUNCTION = YES;
				GCC_WARN_UNUSED_VARIABLE = YES;
				IPHONEOS_DEPLOYMENT_TARGET = 17.0;
				LOCALIZATION_PREFERS_STRING_CATALOGS = YES;
				MTL_ENABLE_DEBUG_INFO = NO;
				MTL_FAST_MATH = YES;
				SDKROOT = iphoneos;
				SWIFT_COMPILATION_MODE = wholemodule;
				VALIDATE_PRODUCT = YES;
			};
			name = Release;
		};
		1A000015 /* Debug */ = {
			isa = XCBuildConfiguration;
			buildSettings = {
				ASSETCATALOG_COMPILER_APPICON_NAME = AppIcon;
				ASSETCATALOG_COMPILER_GLOBAL_ACCENT_COLOR_NAME = AccentColor;
				CODE_SIGN_ENTITLEMENTS = RestaurantMap/RestaurantMap.entitlements;
				CODE_SIGN_STYLE = Automatic;
				CURRENT_PROJECT_VERSION = 1;
				DEVELOPMENT_ASSET_PATHS = "\"RestaurantMap/Preview Content\"";
				DEVELOPMENT_TEAM = QGAQ3AY3R3;
				ENABLE_PREVIEWS = YES;
				GENERATE_INFOPLIST_FILE = YES;
				INFOPLIST_FILE = RestaurantMap/Info.plist;
				INFOPLIST_KEY_CFBundleDisplayName = "인생맛집";
				INFOPLIST_KEY_LSApplicationCategoryType = "public.app-category.lifestyle";
				INFOPLIST_KEY_NSLocationWhenInUseUsageDescription = "근처의 식당을 지도에 표시하기 위해 현재 위치가 필요합니다.";
				INFOPLIST_KEY_UIApplicationSceneManifest_Generation = YES;
				INFOPLIST_KEY_UIApplicationSupportsIndirectInputEvents = YES;
				INFOPLIST_KEY_UILaunchScreen_Generation = YES;
				INFOPLIST_KEY_UISupportedInterfaceOrientations = UIInterfaceOrientationPortrait;
				INFOPLIST_KEY_UISupportedInterfaceOrientations_iPad = "UIInterfaceOrientationLandscapeLeft UIInterfaceOrientationLandscapeRight UIInterfaceOrientationPortrait UIInterfaceOrientationPortraitUpsideDown";
				IPHONEOS_DEPLOYMENT_TARGET = 18.6;
				LD_RUNPATH_SEARCH_PATHS = (
					"$(inherited)",
					"@executable_path/Frameworks",
				);
				MARKETING_VERSION = 1.0;
				PRODUCT_BUNDLE_IDENTIFIER = com.Ysoup.restaurantmap;
				PRODUCT_NAME = "$(TARGET_NAME)";
				SUPPORTED_PLATFORMS = "iphoneos iphonesimulator";
				SUPPORTS_MACCATALYST = NO;
				SWIFT_EMIT_LOC_STRINGS = YES;
				SWIFT_VERSION = 5.0;
				TARGETED_DEVICE_FAMILY = 1;
			};
			name = Debug;
		};
		1A000016 /* Release */ = {
			isa = XCBuildConfiguration;
			buildSettings = {
				ASSETCATALOG_COMPILER_APPICON_NAME = AppIcon;
				ASSETCATALOG_COMPILER_GLOBAL_ACCENT_COLOR_NAME = AccentColor;
				CODE_SIGN_ENTITLEMENTS = RestaurantMap/RestaurantMap.entitlements;
				CODE_SIGN_STYLE = Automatic;
				CURRENT_PROJECT_VERSION = 1;
				DEVELOPMENT_ASSET_PATHS = "\"RestaurantMap/Preview Content\"";
				DEVELOPMENT_TEAM = QGAQ3AY3R3;
				ENABLE_PREVIEWS = YES;
				GENERATE_INFOPLIST_FILE = YES;
				INFOPLIST_FILE = RestaurantMap/Info.plist;
				INFOPLIST_KEY_CFBundleDisplayName = "인생맛집";
				INFOPLIST_KEY_LSApplicationCategoryType = "public.app-category.lifestyle";
				INFOPLIST_KEY_NSLocationWhenInUseUsageDescription = "근처의 식당을 지도에 표시하기 위해 현재 위치가 필요합니다.";
				INFOPLIST_KEY_UIApplicationSceneManifest_Generation = YES;
				INFOPLIST_KEY_UIApplicationSupportsIndirectInputEvents = YES;
				INFOPLIST_KEY_UILaunchScreen_Generation = YES;
				INFOPLIST_KEY_UISupportedInterfaceOrientations = UIInterfaceOrientationPortrait;
				INFOPLIST_KEY_UISupportedInterfaceOrientations_iPad = "UIInterfaceOrientationLandscapeLeft UIInterfaceOrientationLandscapeRight UIInterfaceOrientationPortrait UIInterfaceOrientationPortraitUpsideDown";
				IPHONEOS_DEPLOYMENT_TARGET = 18.6;
				LD_RUNPATH_SEARCH_PATHS = (
					"$(inherited)",
					"@executable_path/Frameworks",
				);
				MARKETING_VERSION = 1.0;
				PRODUCT_BUNDLE_IDENTIFIER = com.Ysoup.restaurantmap;
				PRODUCT_NAME = "$(TARGET_NAME)";
				SUPPORTED_PLATFORMS = "iphoneos iphonesimulator";
				SUPPORTS_MACCATALYST = NO;
				SWIFT_EMIT_LOC_STRINGS = YES;
				SWIFT_VERSION = 5.0;
				TARGETED_DEVICE_FAMILY = 1;
			};
			name = Release;
		};
/* End XCBuildConfiguration section */

/* Begin XCConfigurationList section */
		1A000012 /* Build configuration list for PBXNativeTarget "RestaurantMap" */ = {
			isa = XCConfigurationList;
			buildConfigurations = (
				1A000015 /* Debug */,
				1A000016 /* Release */,
			);
			defaultConfigurationIsVisible = 0;
			defaultConfigurationName = Release;
		};
		1AFFFFF2 /* Build configuration list for PBXProject "RestaurantMap" */ = {
			isa = XCConfigurationList;
			buildConfigurations = (
				1A000013 /* Debug */,
				1A000014 /* Release */,
			);
			defaultConfigurationIsVisible = 0;
			defaultConfigurationName = Release;
		};
/* End XCConfigurationList section */

/* Begin XCRemoteSwiftPackageReference section */
		586184C92EE0848300320D6B /* XCRemoteSwiftPackageReference "firebase-ios-sdk" */ = {
			isa = XCRemoteSwiftPackageReference;
			repositoryURL = "https://github.com/firebase/firebase-ios-sdk.git";
			requirement = {
				kind = upToNextMajorVersion;
				minimumVersion = 12.6.0;
			};
		};
		58A77B982EEC79B90068B8C2 /* XCRemoteSwiftPackageReference "firebase-ios-sdk" */ = {
			isa = XCRemoteSwiftPackageReference;
			repositoryURL = "https://github.com/firebase/firebase-ios-sdk.git";
			requirement = {
				kind = upToNextMajorVersion;
				minimumVersion = 12.7.0;
			};
		};
		992D33F8EEB55DCE4CB5E313 /* XCRemoteSwiftPackageReference "LeeoKit" */ = {
			isa = XCRemoteSwiftPackageReference;
			repositoryURL = "https://github.com/M1zz/LeeoKit.git";
			requirement = {
				kind = upToNextMajorVersion;
				minimumVersion = 2.6.0;
			};
		};
/* End XCRemoteSwiftPackageReference section */

/* Begin XCSwiftPackageProductDependency section */
		586184CA2EE0848300320D6B /* FirebaseAI */ = {
			isa = XCSwiftPackageProductDependency;
			package = 586184C92EE0848300320D6B /* XCRemoteSwiftPackageReference "firebase-ios-sdk" */;
			productName = FirebaseAI;
		};
		586184CC2EE0848300320D6B /* FirebaseAILogic */ = {
			isa = XCSwiftPackageProductDependency;
			package = 586184C92EE0848300320D6B /* XCRemoteSwiftPackageReference "firebase-ios-sdk" */;
			productName = FirebaseAILogic;
		};
		586184CE2EE0848300320D6B /* FirebaseAnalytics */ = {
			isa = XCSwiftPackageProductDependency;
			package = 586184C92EE0848300320D6B /* XCRemoteSwiftPackageReference "firebase-ios-sdk" */;
			productName = FirebaseAnalytics;
		};
		586184D02EE0848300320D6B /* FirebaseAnalyticsCore */ = {
			isa = XCSwiftPackageProductDependency;
			package = 586184C92EE0848300320D6B /* XCRemoteSwiftPackageReference "firebase-ios-sdk" */;
			productName = FirebaseAnalyticsCore;
		};
		586184D22EE0848300320D6B /* FirebaseAnalyticsIdentitySupport */ = {
			isa = XCSwiftPackageProductDependency;
			package = 586184C92EE0848300320D6B /* XCRemoteSwiftPackageReference "firebase-ios-sdk" */;
			productName = FirebaseAnalyticsIdentitySupport;
		};
		586184D42EE0848300320D6B /* FirebaseAppCheck */ = {
			isa = XCSwiftPackageProductDependency;
			package = 586184C92EE0848300320D6B /* XCRemoteSwiftPackageReference "firebase-ios-sdk" */;
			productName = FirebaseAppCheck;
		};
		586184D62EE0848300320D6B /* FirebaseAppDistribution-Beta */ = {
			isa = XCSwiftPackageProductDependency;
			package = 586184C92EE0848300320D6B /* XCRemoteSwiftPackageReference "firebase-ios-sdk" */;
			productName = "FirebaseAppDistribution-Beta";
		};
		586184D82EE0848300320D6B /* FirebaseAuth */ = {
			isa = XCSwiftPackageProductDependency;
			package = 586184C92EE0848300320D6B /* XCRemoteSwiftPackageReference "firebase-ios-sdk" */;
			productName = FirebaseAuth;
		};
		586184DA2EE0848300320D6B /* FirebaseAuthCombine-Community */ = {
			isa = XCSwiftPackageProductDependency;
			package = 586184C92EE0848300320D6B /* XCRemoteSwiftPackageReference "firebase-ios-sdk" */;
			productName = "FirebaseAuthCombine-Community";
		};
		586184DC2EE0848300320D6B /* FirebaseCore */ = {
			isa = XCSwiftPackageProductDependency;
			package = 586184C92EE0848300320D6B /* XCRemoteSwiftPackageReference "firebase-ios-sdk" */;
			productName = FirebaseCore;
		};
		586184DE2EE0848300320D6B /* FirebaseCrashlytics */ = {
			isa = XCSwiftPackageProductDependency;
			package = 586184C92EE0848300320D6B /* XCRemoteSwiftPackageReference "firebase-ios-sdk" */;
			productName = FirebaseCrashlytics;
		};
		586184E02EE0848300320D6B /* FirebaseDatabase */ = {
			isa = XCSwiftPackageProductDependency;
			package = 586184C92EE0848300320D6B /* XCRemoteSwiftPackageReference "firebase-ios-sdk" */;
			productName = FirebaseDatabase;
		};
		586184E22EE0848300320D6B /* FirebaseFirestore */ = {
			isa = XCSwiftPackageProductDependency;
			package = 586184C92EE0848300320D6B /* XCRemoteSwiftPackageReference "firebase-ios-sdk" */;
			productName = FirebaseFirestore;
		};
		586184E42EE0848300320D6B /* FirebaseFirestoreCombine-Community */ = {
			isa = XCSwiftPackageProductDependency;
			package = 586184C92EE0848300320D6B /* XCRemoteSwiftPackageReference "firebase-ios-sdk" */;
			productName = "FirebaseFirestoreCombine-Community";
		};
		586184E62EE0848300320D6B /* FirebaseFunctions */ = {
			isa = XCSwiftPackageProductDependency;
			package = 586184C92EE0848300320D6B /* XCRemoteSwiftPackageReference "firebase-ios-sdk" */;
			productName = FirebaseFunctions;
		};
		586184E82EE0848300320D6B /* FirebaseFunctionsCombine-Community */ = {
			isa = XCSwiftPackageProductDependency;
			package = 586184C92EE0848300320D6B /* XCRemoteSwiftPackageReference "firebase-ios-sdk" */;
			productName = "FirebaseFunctionsCombine-Community";
		};
		586184EA2EE0848300320D6B /* FirebaseInAppMessaging-Beta */ = {
			isa = XCSwiftPackageProductDependency;
			package = 586184C92EE0848300320D6B /* XCRemoteSwiftPackageReference "firebase-ios-sdk" */;
			productName = "FirebaseInAppMessaging-Beta";
		};
		586184EC2EE0848300320D6B /* FirebaseInstallations */ = {
			isa = XCSwiftPackageProductDependency;
			package = 586184C92EE0848300320D6B /* XCRemoteSwiftPackageReference "firebase-ios-sdk" */;
			productName = FirebaseInstallations;
		};
		586184EE2EE0848300320D6B /* FirebaseMLModelDownloader */ = {
			isa = XCSwiftPackageProductDependency;
			package = 586184C92EE0848300320D6B /* XCRemoteSwiftPackageReference "firebase-ios-sdk" */;
			productName = FirebaseMLModelDownloader;
		};
		586184F02EE0848300320D6B /* FirebaseMessaging */ = {
			isa = XCSwiftPackageProductDependency;
			package = 586184C92EE0848300320D6B /* XCRemoteSwiftPackageReference "firebase-ios-sdk" */;
			productName = FirebaseMessaging;
		};
		586184F22EE0848300320D6B /* FirebasePerformance */ = {
			isa = XCSwiftPackageProductDependency;
			package = 586184C92EE0848300320D6B /* XCRemoteSwiftPackageReference "firebase-ios-sdk" */;
			productName = FirebasePerformance;
		};
		586184F42EE0848300320D6B /* FirebaseRemoteConfig */ = {
			isa = XCSwiftPackageProductDependency;
			package = 586184C92EE0848300320D6B /* XCRemoteSwiftPackageReference "firebase-ios-sdk" */;
			productName = FirebaseRemoteConfig;
		};
		586184F62EE0848300320D6B /* FirebaseStorage */ = {
			isa = XCSwiftPackageProductDependency;
			package = 586184C92EE0848300320D6B /* XCRemoteSwiftPackageReference "firebase-ios-sdk" */;
			productName = FirebaseStorage;
		};
		586184F82EE0848300320D6B /* FirebaseStorageCombine-Community */ = {
			isa = XCSwiftPackageProductDependency;
			package = 586184C92EE0848300320D6B /* XCRemoteSwiftPackageReference "firebase-ios-sdk" */;
			productName = "FirebaseStorageCombine-Community";
		};
		58A77B992EEC79B90068B8C2 /* FirebaseAI */ = {
			isa = XCSwiftPackageProductDependency;
			package = 58A77B982EEC79B90068B8C2 /* XCRemoteSwiftPackageReference "firebase-ios-sdk" */;
			productName = FirebaseAI;
		};
		58A77B9B2EEC79B90068B8C2 /* FirebaseAILogic */ = {
			isa = XCSwiftPackageProductDependency;
			package = 58A77B982EEC79B90068B8C2 /* XCRemoteSwiftPackageReference "firebase-ios-sdk" */;
			productName = FirebaseAILogic;
		};
		58A77B9D2EEC79B90068B8C2 /* FirebaseAnalytics */ = {
			isa = XCSwiftPackageProductDependency;
			package = 58A77B982EEC79B90068B8C2 /* XCRemoteSwiftPackageReference "firebase-ios-sdk" */;
			productName = FirebaseAnalytics;
		};
		58A77B9F2EEC79B90068B8C2 /* FirebaseAnalyticsCore */ = {
			isa = XCSwiftPackageProductDependency;
			package = 58A77B982EEC79B90068B8C2 /* XCRemoteSwiftPackageReference "firebase-ios-sdk" */;
			productName = FirebaseAnalyticsCore;
		};
		58A77BA12EEC79B90068B8C2 /* FirebaseAnalyticsIdentitySupport */ = {
			isa = XCSwiftPackageProductDependency;
			package = 58A77B982EEC79B90068B8C2 /* XCRemoteSwiftPackageReference "firebase-ios-sdk" */;
			productName = FirebaseAnalyticsIdentitySupport;
		};
		58A77BA32EEC79B90068B8C2 /* FirebaseAppCheck */ = {
			isa = XCSwiftPackageProductDependency;
			package = 58A77B982EEC79B90068B8C2 /* XCRemoteSwiftPackageReference "firebase-ios-sdk" */;
			productName = FirebaseAppCheck;
		};
		58A77BA52EEC79B90068B8C2 /* FirebaseAppDistribution-Beta */ = {
			isa = XCSwiftPackageProductDependency;
			package = 58A77B982EEC79B90068B8C2 /* XCRemoteSwiftPackageReference "firebase-ios-sdk" */;
			productName = "FirebaseAppDistribution-Beta";
		};
		58A77BA72EEC79B90068B8C2 /* FirebaseAuth */ = {
			isa = XCSwiftPackageProductDependency;
			package = 58A77B982EEC79B90068B8C2 /* XCRemoteSwiftPackageReference "firebase-ios-sdk" */;
			productName = FirebaseAuth;
		};
		58A77BA92EEC79B90068B8C2 /* FirebaseAuthCombine-Community */ = {
			isa = XCSwiftPackageProductDependency;
			package = 58A77B982EEC79B90068B8C2 /* XCRemoteSwiftPackageReference "firebase-ios-sdk" */;
			productName = "FirebaseAuthCombine-Community";
		};
		58A77BAB2EEC79B90068B8C2 /* FirebaseCore */ = {
			isa = XCSwiftPackageProductDependency;
			package = 58A77B982EEC79B90068B8C2 /* XCRemoteSwiftPackageReference "firebase-ios-sdk" */;
			productName = FirebaseCore;
		};
		58A77BAD2EEC79B90068B8C2 /* FirebaseCrashlytics */ = {
			isa = XCSwiftPackageProductDependency;
			package = 58A77B982EEC79B90068B8C2 /* XCRemoteSwiftPackageReference "firebase-ios-sdk" */;
			productName = FirebaseCrashlytics;
		};
		58A77BAF2EEC79B90068B8C2 /* FirebaseDatabase */ = {
			isa = XCSwiftPackageProductDependency;
			package = 58A77B982EEC79B90068B8C2 /* XCRemoteSwiftPackageReference "firebase-ios-sdk" */;
			productName = FirebaseDatabase;
		};
		58A77BB12EEC79B90068B8C2 /* FirebaseFirestore */ = {
			isa = XCSwiftPackageProductDependency;
			package = 58A77B982EEC79B90068B8C2 /* XCRemoteSwiftPackageReference "firebase-ios-sdk" */;
			productName = FirebaseFirestore;
		};
		58A77BB32EEC79B90068B8C2 /* FirebaseFirestoreCombine-Community */ = {
			isa = XCSwiftPackageProductDependency;
			package = 58A77B982EEC79B90068B8C2 /* XCRemoteSwiftPackageReference "firebase-ios-sdk" */;
			productName = "FirebaseFirestoreCombine-Community";
		};
		58A77BB52EEC79B90068B8C2 /* FirebaseFunctions */ = {
			isa = XCSwiftPackageProductDependency;
			package = 58A77B982EEC79B90068B8C2 /* XCRemoteSwiftPackageReference "firebase-ios-sdk" */;
			productName = FirebaseFunctions;
		};
		58A77BB72EEC79B90068B8C2 /* FirebaseFunctionsCombine-Community */ = {
			isa = XCSwiftPackageProductDependency;
			package = 58A77B982EEC79B90068B8C2 /* XCRemoteSwiftPackageReference "firebase-ios-sdk" */;
			productName = "FirebaseFunctionsCombine-Community";
		};
		58A77BB92EEC79B90068B8C2 /* FirebaseInAppMessaging-Beta */ = {
			isa = XCSwiftPackageProductDependency;
			package = 58A77B982EEC79B90068B8C2 /* XCRemoteSwiftPackageReference "firebase-ios-sdk" */;
			productName = "FirebaseInAppMessaging-Beta";
		};
		58A77BBB2EEC79B90068B8C2 /* FirebaseInstallations */ = {
			isa = XCSwiftPackageProductDependency;
			package = 58A77B982EEC79B90068B8C2 /* XCRemoteSwiftPackageReference "firebase-ios-sdk" */;
			productName = FirebaseInstallations;
		};
		58A77BBD2EEC79B90068B8C2 /* FirebaseMLModelDownloader */ = {
			isa = XCSwiftPackageProductDependency;
			package = 58A77B982EEC79B90068B8C2 /* XCRemoteSwiftPackageReference "firebase-ios-sdk" */;
			productName = FirebaseMLModelDownloader;
		};
		58A77BBF2EEC79B90068B8C2 /* FirebaseMessaging */ = {
			isa = XCSwiftPackageProductDependency;
			package = 58A77B982EEC79B90068B8C2 /* XCRemoteSwiftPackageReference "firebase-ios-sdk" */;
			productName = FirebaseMessaging;
		};
		58A77BC12EEC79B90068B8C2 /* FirebasePerformance */ = {
			isa = XCSwiftPackageProductDependency;
			package = 58A77B982EEC79B90068B8C2 /* XCRemoteSwiftPackageReference "firebase-ios-sdk" */;
			productName = FirebasePerformance;
		};
		58A77BC32EEC79B90068B8C2 /* FirebaseRemoteConfig */ = {
			isa = XCSwiftPackageProductDependency;
			package = 58A77B982EEC79B90068B8C2 /* XCRemoteSwiftPackageReference "firebase-ios-sdk" */;
			productName = FirebaseRemoteConfig;
		};
		58A77BC52EEC79B90068B8C2 /* FirebaseStorage */ = {
			isa = XCSwiftPackageProductDependency;
			package = 58A77B982EEC79B90068B8C2 /* XCRemoteSwiftPackageReference "firebase-ios-sdk" */;
			productName = FirebaseStorage;
		};
		58A77BC72EEC79B90068B8C2 /* FirebaseStorageCombine-Community */ = {
			isa = XCSwiftPackageProductDependency;
			package = 58A77B982EEC79B90068B8C2 /* XCRemoteSwiftPackageReference "firebase-ios-sdk" */;
			productName = "FirebaseStorageCombine-Community";
		};
		EA31E41C51A96BFB1501A4EF /* LeeoKit */ = {
			isa = XCSwiftPackageProductDependency;
			package = 992D33F8EEB55DCE4CB5E313 /* XCRemoteSwiftPackageReference "LeeoKit" */;
			productName = LeeoKit;
		};
/* End XCSwiftPackageProductDependency section */
	};
	rootObject = 1AFFFFF3 /* Project object */;
}
